PODS:
  - FlutterMacOS (1.0.0)
  - xray_core_flutter (0.2.3):
    - FlutterMacOS

DEPENDENCIES:
  - FlutterMacOS (from `Flutter/ephemeral`)
  - xray_core_flutter (from `Flutter/ephemeral/.symlinks/plugins/xray_core_flutter/macos`)

EXTERNAL SOURCES:
  FlutterMacOS:
    :path: Flutter/ephemeral
  xray_core_flutter:
    :path: Flutter/ephemeral/.symlinks/plugins/xray_core_flutter/macos

SPEC CHECKSUMS:
  FlutterMacOS: d0db08ddef1a9af05a5ec4b724367152bb0500b1
  xray_core_flutter: 5e43dc91e96231b7e296fbb1d2e68b8681f3348d

PODFILE CHECKSUM: 54d867c82ac51cbd61b565781b9fada492027009

COCOAPODS: 1.16.2
